{
  "version": 4,
  "terraform_version": "0.12.26",
  "serial": 82,
  "lineage": "52a71776-c86e-57d0-f190-922d3ee5c2c2",
  "outputs": {},
  "resources": [
    {
      "mode": "data",
      "type": "aws_ami",
      "name": "amazon_linux",
      "provider": "provider.aws",
      "instances": [
        {
          "schema_version": 0,
          "attributes": {
            "architecture": "x86_64",
            "arn": "arn:aws:ec2:us-east-1::image/ami-054667ecbc9484bb1",
            "block_device_mappings": [
              {
                "device_name": "/dev/xvda",
                "ebs": {
                  "delete_on_termination": "true",
                  "encrypted": "false",
                  "iops": "0",
                  "snapshot_id": "snap-0fa98a7b36dcbe384",
                  "throughput": "0",
                  "volume_size": "8",
                  "volume_type": "gp2"
                },
                "no_device": "",
                "virtual_name": ""
              }
            ],
            "creation_date": "2020-05-12T00:24:18.000Z",
            "description": "AMI has mysql, node, and aliases",
            "ena_support": true,
            "executable_users": null,
            "filter": [
              {
                "name": "name",
                "values": [
                  "nat-ami-5-11"
                ]
              }
            ],
            "hypervisor": "xen",
            "id": "ami-054667ecbc9484bb1",
            "image_id": "ami-054667ecbc9484bb1",
            "image_location": "130193131803/nat-ami-5-11",
            "image_owner_alias": null,
            "image_type": "machine",
            "kernel_id": null,
            "most_recent": true,
            "name": "nat-ami-5-11",
            "name_regex": null,
            "owner_id": "130193131803",
            "owners": [
              "130193131803"
            ],
            "platform": null,
            "platform_details": "Linux/UNIX",
            "product_codes": [],
            "public": false,
            "ramdisk_id": null,
            "root_device_name": "/dev/xvda",
            "root_device_type": "ebs",
            "root_snapshot_id": "snap-0fa98a7b36dcbe384",
            "sriov_net_support": "simple",
            "state": "available",
            "state_reason": {
              "code": "UNSET",
              "message": "UNSET"
            },
            "tags": {
              "Environment": "dev",
              "Name": "nat-instance"
            },
            "usage_operation": "RunInstances",
            "virtualization_type": "hvm"
          }
        }
      ]
    },
    {
      "module": "module.autoscaling_example",
      "mode": "managed",
      "type": "aws_autoscaling_group",
      "name": "autoscaling",
      "each": "list",
      "provider": "provider.aws",
      "instances": [
        {
          "index_key": 0,
          "schema_version": 0,
          "attributes": {
            "arn": "arn:aws:autoscaling:us-east-1:130193131803:autoScalingGroup:b7ae6f4b-0a44-4e58-86d4-013172ee13a1:autoScalingGroupName/asg web server-dev-20210305071530873100000002",
            "availability_zones": [
              "us-east-1a",
              "us-east-1b"
            ],
            "capacity_rebalance": false,
            "default_cooldown": 300,
            "desired_capacity": 1,
            "enabled_metrics": [
              "GroupDesiredCapacity",
              "GroupMaxSize",
              "GroupMinSize",
              "GroupTotalInstances"
            ],
            "force_delete": false,
            "health_check_grace_period": 300,
            "health_check_type": "EC2",
            "id": "asg web server-dev-20210305071530873100000002",
            "initial_lifecycle_hook": [],
            "instance_refresh": [],
            "launch_configuration": "lc_example-dev20210305080057330400000001",
            "launch_template": [],
            "load_balancers": [],
            "max_instance_lifetime": 0,
            "max_size": 3,
            "metrics_granularity": "1Minute",
            "min_elb_capacity": 0,
            "min_size": 1,
            "mixed_instances_policy": [],
            "name": "asg web server-dev-20210305071530873100000002",
            "name_prefix": "asg web server-dev-",
            "placement_group": "",
            "protect_from_scale_in": false,
            "service_linked_role_arn": "arn:aws:iam::130193131803:role/aws-service-role/autoscaling.amazonaws.com/AWSServiceRoleForAutoScaling",
            "suspended_processes": [],
            "tag": [],
            "tags": [
              {
                "key": "Application",
                "propagate_at_launch": "true",
                "value": "template-1-autoscaling"
              },
              {
                "key": "Creation Date",
                "propagate_at_launch": "true",
                "value": "August_14_2020"
              },
              {
                "key": "Environment",
                "propagate_at_launch": "true",
                "value": "dev"
              },
              {
                "key": "Name",
                "propagate_at_launch": "true",
                "value": "asg web server"
              },
              {
                "key": "Name",
                "propagate_at_launch": "true",
                "value": "asg web server-dev"
              },
              {
                "key": "Purpose",
                "propagate_at_launch": "true",
                "value": "testing_autoscaling_modes"
              },
              {
                "key": "Template",
                "propagate_at_launch": "true",
                "value": "infrastructure-as-code"
              }
            ],
            "target_group_arns": [
              "arn:aws:elasticloadbalancing:us-east-1:130193131803:targetgroup/sample-target-group/e535e04c14a738f8"
            ],
            "termination_policies": [
              "Default"
            ],
            "timeouts": null,
            "vpc_zone_identifier": [
              "subnet-0ab415cf8f5caa7d6",
              "subnet-0b394fd3cb9d9132d"
            ],
            "wait_for_capacity_timeout": "0",
            "wait_for_elb_capacity": null
          },
          "private": "eyJlMmJmYjczMC1lY2FhLTExZTYtOGY4OC0zNDM2M2JjN2M0YzAiOnsiZGVsZXRlIjo2MDAwMDAwMDAwMDB9fQ==",
          "dependencies": [
            "module.autoscaling_example.aws_launch_configuration.launch_configuration",
            "module.pri_subnet_1.aws_subnet.subnet",
            "module.pri_subnet_2.aws_subnet.subnet",
            "module.target-group.aws_lb_target_group.target-group"
          ]
        }
      ]
    },
    {
      "mode": "managed",
      "type": "aws_autoscaling_notification",
      "name": "example_notifications",
      "provider": "provider.aws",
      "instances": [
        {
          "schema_version": 0,
          "attributes": {
            "group_names": [
              "asg web server-dev-20210305071530873100000002"
            ],
            "id": "arn:aws:sns:us-east-1:130193131803:example-topic",
            "notifications": [
              "autoscaling:EC2_INSTANCE_LAUNCH",
              "autoscaling:EC2_INSTANCE_LAUNCH_ERROR",
              "autoscaling:EC2_INSTANCE_TERMINATE",
              "autoscaling:EC2_INSTANCE_TERMINATE_ERROR"
            ],
            "topic_arn": "arn:aws:sns:us-east-1:130193131803:example-topic"
          },
          "private": "bnVsbA==",
          "dependencies": [
            "aws_sns_topic.example",
            "module.autoscaling_example.aws_autoscaling_group.autoscaling",
            "module.autoscaling_example.aws_launch_configuration.launch_configuration",
            "module.pri_subnet_1.aws_subnet.subnet",
            "module.pri_subnet_2.aws_subnet.subnet",
            "module.target-group.aws_lb_target_group.target-group"
          ]
        }
      ]
    },
    {
      "mode": "managed",
      "type": "aws_autoscaling_policy",
      "name": "web_cluster_target_tracking_policy",
      "provider": "provider.aws",
      "instances": [
        {
          "schema_version": 0,
          "attributes": {
            "adjustment_type": "",
            "arn": "arn:aws:autoscaling:us-east-1:130193131803:scalingPolicy:1b948f86-4bd2-463d-bdb6-c8f3196a885f:autoScalingGroupName/asg web server-dev-20210305071530873100000002:policyName/testing-target-tracking-policy",
            "autoscaling_group_name": "asg web server-dev-20210305071530873100000002",
            "cooldown": 0,
            "estimated_instance_warmup": 200,
            "id": "testing-target-tracking-policy",
            "metric_aggregation_type": "",
            "min_adjustment_magnitude": null,
            "name": "testing-target-tracking-policy",
            "policy_type": "TargetTrackingScaling",
            "scaling_adjustment": 0,
            "step_adjustment": [],
            "target_tracking_configuration": [
              {
                "customized_metric_specification": [],
                "disable_scale_in": false,
                "predefined_metric_specification": [
                  {
                    "predefined_metric_type": "ALBRequestCountPerTarget",
                    "resource_label": "app/sample-elb/0c39fb42015a1ea3/targetgroup/sample-target-group/e535e04c14a738f8"
                  }
                ],
                "target_value": 60
              }
            ]
          },
          "private": "bnVsbA==",
          "dependencies": [
            "module.autoscaling_example.aws_autoscaling_group.autoscaling",
            "module.autoscaling_example.aws_launch_configuration.launch_configuration",
            "module.elb.aws_lb.elb",
            "module.pri_subnet_1.aws_subnet.subnet",
            "module.pri_subnet_2.aws_subnet.subnet",
            "module.target-group.aws_lb_target_group.target-group"
          ]
        }
      ]
    },
    {
      "module": "module.vpc-flow-logs",
      "mode": "managed",
      "type": "aws_cloudwatch_log_group",
      "name": "log_groups",
      "provider": "provider.aws",
      "instances": [
        {
          "schema_version": 0,
          "attributes": {
            "arn": "arn:aws:logs:us-east-1:130193131803:log-group:/aws/lamp-autoscaling",
            "id": "/aws/lamp-autoscaling",
            "kms_key_id": "",
            "name": "/aws/lamp-autoscaling",
            "name_prefix": null,
            "retention_in_days": 0,
            "tags": {}
          },
          "private": "bnVsbA=="
        }
      ]
    },
    {
      "module": "module.vpc-flow-logs",
      "mode": "managed",
      "type": "aws_flow_log",
      "name": "flow_logs",
      "provider": "provider.aws",
      "instances": [
        {
          "schema_version": 0,
          "attributes": {
            "arn": "arn:aws:ec2:us-east-1:130193131803:vpc-flow-log/fl-01d9ecc8440127e70",
            "eni_id": null,
            "iam_role_arn": "arn:aws:iam::130193131803:role/flow-logs-roles",
            "id": "fl-01d9ecc8440127e70",
            "log_destination": "arn:aws:logs:us-east-1:130193131803:log-group:/aws/lamp-autoscaling",
            "log_destination_type": "cloud-watch-logs",
            "log_format": "${version} ${account-id} ${interface-id} ${srcaddr} ${dstaddr} ${srcport} ${dstport} ${protocol} ${packets} ${bytes} ${start} ${end} ${action} ${log-status}",
            "log_group_name": "/aws/lamp-autoscaling",
            "max_aggregation_interval": 600,
            "subnet_id": null,
            "tags": {
              "Application": "template-1-autoscaling",
              "Creation_Date": "August_14_2020",
              "Environment": "dev",
              "Name": "template-1-autoscaling-flow-logs",
              "Purpose": "testing_autoscaling_modes",
              "Template": "infrastructure-as-code"
            },
            "traffic_type": "ALL",
            "vpc_id": "vpc-0afb15ea7910b09da"
          },
          "private": "bnVsbA==",
          "dependencies": [
            "module.new-vpc.aws_vpc.vpc",
            "module.vpc-flow-logs.aws_cloudwatch_log_group.log_groups",
            "module.vpc-flow-logs.aws_iam_role.role"
          ]
        }
      ]
    },
    {
      "module": "module.vpc-flow-logs",
      "mode": "managed",
      "type": "aws_iam_role",
      "name": "role",
      "provider": "provider.aws",
      "instances": [
        {
          "schema_version": 0,
          "attributes": {
            "arn": "arn:aws:iam::130193131803:role/flow-logs-roles",
            "assume_role_policy": "{\"Version\":\"2012-10-17\",\"Statement\":[{\"Sid\":\"\",\"Effect\":\"Allow\",\"Principal\":{\"Service\":\"vpc-flow-logs.amazonaws.com\"},\"Action\":\"sts:AssumeRole\"}]}",
            "create_date": "2021-03-05T07:15:01Z",
            "description": "",
            "force_detach_policies": false,
            "id": "flow-logs-roles",
            "inline_policy": [
              {
                "name": "flow-logs-policy",
                "policy": "{\n  \"Version\": \"2012-10-17\",\n  \"Statement\": [\n    {\n      \"Action\": [\n        \"logs:CreateLogGroup\",\n        \"logs:CreateLogStream\",\n        \"logs:PutLogEvents\",\n        \"logs:DescribeLogGroups\",\n        \"logs:DescribeLogStreams\"\n      ],\n      \"Effect\": \"Allow\",\n      \"Resource\": \"*\"\n    }\n  ]\n}\n"
              }
            ],
            "managed_policy_arns": [],
            "max_session_duration": 3600,
            "name": "flow-logs-roles",
            "name_prefix": null,
            "path": "/",
            "permissions_boundary": null,
            "tags": {},
            "unique_id": "AROAR4UA5REN44FXGAXIV"
          },
          "private": "bnVsbA=="
        }
      ]
    },
    {
      "module": "module.vpc-flow-logs",
      "mode": "managed",
      "type": "aws_iam_role_policy",
      "name": "role_policy",
      "provider": "provider.aws",
      "instances": [
        {
          "schema_version": 0,
          "attributes": {
            "id": "flow-logs-roles:flow-logs-policy",
            "name": "flow-logs-policy",
            "name_prefix": null,
            "policy": "{\n  \"Version\": \"2012-10-17\",\n  \"Statement\": [\n    {\n      \"Action\": [\n        \"logs:CreateLogGroup\",\n        \"logs:CreateLogStream\",\n        \"logs:PutLogEvents\",\n        \"logs:DescribeLogGroups\",\n        \"logs:DescribeLogStreams\"\n      ],\n      \"Effect\": \"Allow\",\n      \"Resource\": \"*\"\n    }\n  ]\n}\n",
            "role": "flow-logs-roles"
          },
          "private": "bnVsbA==",
          "dependencies": [
            "module.vpc-flow-logs.aws_iam_role.role"
          ]
        }
      ]
    },
    {
      "module": "module.nat-ec2",
      "mode": "managed",
      "type": "aws_instance",
      "name": "ec2",
      "provider": "provider.aws",
      "instances": [
        {
          "schema_version": 1,
          "attributes": {
            "ami": "ami-054667ecbc9484bb1",
            "arn": "arn:aws:ec2:us-east-1:130193131803:instance/i-0fe998d242d7b320e",
            "associate_public_ip_address": true,
            "availability_zone": "us-east-1b",
            "cpu_core_count": 1,
            "cpu_threads_per_core": 1,
            "credit_specification": [
              {
                "cpu_credits": "standard"
              }
            ],
            "disable_api_termination": false,
            "ebs_block_device": [],
            "ebs_optimized": false,
            "enclave_options": [
              {
                "enabled": false
              }
            ],
            "ephemeral_block_device": [],
            "get_password_data": false,
            "hibernation": false,
            "host_id": null,
            "iam_instance_profile": "",
            "id": "i-0fe998d242d7b320e",
            "instance_initiated_shutdown_behavior": null,
            "instance_state": "running",
            "instance_type": "t2.micro",
            "ipv6_address_count": 0,
            "ipv6_addresses": [],
            "key_name": "base-template",
            "metadata_options": [
              {
                "http_endpoint": "enabled",
                "http_put_response_hop_limit": 1,
                "http_tokens": "optional"
              }
            ],
            "monitoring": false,
            "network_interface": [],
            "outpost_arn": "",
            "password_data": "",
            "placement_group": "",
            "primary_network_interface_id": "eni-0a13ef054e69a3909",
            "private_dns": "ip-172-168-0-61.ec2.internal",
            "private_ip": "172.168.0.61",
            "public_dns": "ec2-3-89-184-19.compute-1.amazonaws.com",
            "public_ip": "3.89.184.19",
            "root_block_device": [
              {
                "delete_on_termination": true,
                "device_name": "/dev/xvda",
                "encrypted": false,
                "iops": 100,
                "kms_key_id": "",
                "tags": {},
                "throughput": 0,
                "volume_id": "vol-0d7741ea7608f91ca",
                "volume_size": 8,
                "volume_type": "gp2"
              }
            ],
            "secondary_private_ips": [],
            "security_groups": [],
            "source_dest_check": false,
            "subnet_id": "subnet-0ad0ad70e154e4c16",
            "tags": {
              "Application": "",
              "Creation_Date": "",
              "Environment": "",
              "Name": "nat bastion host",
              "Purpose": "",
              "Template": ""
            },
            "tenancy": "default",
            "timeouts": null,
            "user_data": "",
            "user_data_base64": null,
            "volume_tags": {
              "Application": "",
              "Creation_Date": "",
              "Environment": "",
              "Name": "nat bastion host",
              "Purpose": "",
              "Template": ""
            },
            "vpc_security_group_ids": [
              "sg-03938844914590328"
            ]
          },
          "private": "eyJlMmJmYjczMC1lY2FhLTExZTYtOGY4OC0zNDM2M2JjN2M0YzAiOnsiY3JlYXRlIjo2MDAwMDAwMDAwMDAsImRlbGV0ZSI6MTIwMDAwMDAwMDAwMCwidXBkYXRlIjo2MDAwMDAwMDAwMDB9LCJzY2hlbWFfdmVyc2lvbiI6IjEifQ==",
          "dependencies": [
            "aws_security_group.nat-sg",
            "module.pub_subnet_2.aws_subnet.subnet"
          ]
        }
      ]
    },
    {
      "module": "module.igw-vpc",
      "mode": "managed",
      "type": "aws_internet_gateway",
      "name": "igw",
      "provider": "provider.aws",
      "instances": [
        {
          "schema_version": 0,
          "attributes": {
            "arn": "arn:aws:ec2:us-east-1:130193131803:internet-gateway/igw-06110632040b34948",
            "id": "igw-06110632040b34948",
            "owner_id": "130193131803",
            "tags": {
              "Creation_Date": "August_14_2020",
              "Name": "sample-igw",
              "Template": "infrastructure-as-code"
            },
            "vpc_id": "vpc-0afb15ea7910b09da"
          },
          "private": "bnVsbA==",
          "dependencies": [
            "module.new-vpc.aws_vpc.vpc"
          ]
        }
      ]
    },
    {
      "module": "module.autoscaling_example",
      "mode": "managed",
      "type": "aws_launch_configuration",
      "name": "launch_configuration",
      "each": "list",
      "provider": "provider.aws",
      "instances": [
        {
          "index_key": 0,
          "schema_version": 0,
          "attributes": {
            "arn": "arn:aws:autoscaling:us-east-1:130193131803:launchConfiguration:ab120717-a204-4206-807c-0378a460e025:launchConfigurationName/lc_example-dev20210305080057330400000001",
            "associate_public_ip_address": false,
            "ebs_block_device": [
              {
                "delete_on_termination": true,
                "device_name": "/dev/xvdk",
                "encrypted": false,
                "iops": 0,
                "no_device": false,
                "snapshot_id": "",
                "volume_size": 50,
                "volume_type": "gp2"
              }
            ],
            "ebs_optimized": false,
            "enable_monitoring": true,
            "ephemeral_block_device": [],
            "iam_instance_profile": "",
            "id": "lc_example-dev20210305080057330400000001",
            "image_id": "ami-08f3d892de259504d",
            "instance_type": "t2.micro",
            "key_name": "internal-base-template",
            "metadata_options": [],
            "name": "lc_example-dev20210305080057330400000001",
            "name_prefix": "lc_example-dev",
            "placement_tenancy": "default",
            "root_block_device": [
              {
                "delete_on_termination": true,
                "encrypted": false,
                "iops": 0,
                "volume_size": 50,
                "volume_type": "gp2"
              }
            ],
            "security_groups": [
              "sg-07358f97f0639c4a6"
            ],
            "spot_price": "",
            "user_data": null,
            "user_data_base64": "IyEgL2Jpbi9iYXNoCnN1ZG8geXVtIHVwZGF0ZSAteQpzdWRvIHl1bSBpbnN0YWxsIC15IHN0cmVzcyBodHRwZApzdWRvIHN5c3RlbWN0bCBzdGFydCBodHRwZCAKc3VkbyBzeXN0ZW1jdGwgZW5hYmxlIGh0dHBkCmVjaG8gIjxoMT5XZWxjb21lIHRvIHRoZSBhdXRvc2NhbGluZyBncm91cDwvaDE+IiB8IHN1ZG8gdGVlIC92YXIvd3d3L2h0bWwvaW5kZXguaHRtbA==",
            "vpc_classic_link_id": "",
            "vpc_classic_link_security_groups": []
          },
          "private": "bnVsbA==",
          "dependencies": [
            "aws_security_group.web-sg"
          ]
        }
      ]
    },
    {
      "module": "module.elb",
      "mode": "managed",
      "type": "aws_lb",
      "name": "elb",
      "provider": "provider.aws",
      "instances": [
        {
          "schema_version": 0,
          "attributes": {
            "access_logs": [
              {
                "bucket": "load-balancer-logs-elb-ed",
                "enabled": true,
                "prefix": ""
              }
            ],
            "arn": "arn:aws:elasticloadbalancing:us-east-1:130193131803:loadbalancer/app/sample-elb/0c39fb42015a1ea3",
            "arn_suffix": "app/sample-elb/0c39fb42015a1ea3",
            "customer_owned_ipv4_pool": "",
            "dns_name": "sample-elb-886491630.us-east-1.elb.amazonaws.com",
            "drop_invalid_header_fields": false,
            "enable_cross_zone_load_balancing": null,
            "enable_deletion_protection": false,
            "enable_http2": true,
            "id": "arn:aws:elasticloadbalancing:us-east-1:130193131803:loadbalancer/app/sample-elb/0c39fb42015a1ea3",
            "idle_timeout": 60,
            "internal": false,
            "ip_address_type": "ipv4",
            "load_balancer_type": "application",
            "name": "sample-elb",
            "name_prefix": null,
            "security_groups": [
              "sg-09be60124ff4cf5ae"
            ],
            "subnet_mapping": [
              {
                "allocation_id": "",
                "ipv6_address": "",
                "outpost_id": "",
                "private_ipv4_address": "",
                "subnet_id": "subnet-0ad0ad70e154e4c16"
              },
              {
                "allocation_id": "",
                "ipv6_address": "",
                "outpost_id": "",
                "private_ipv4_address": "",
                "subnet_id": "subnet-0f583953f1dcd300b"
              }
            ],
            "subnets": [
              "subnet-0ad0ad70e154e4c16",
              "subnet-0f583953f1dcd300b"
            ],
            "tags": {
              "Application": "",
              "Creation_Date": "",
              "Environment": "",
              "Name": "",
              "Purpose": "",
              "Template": ""
            },
            "timeouts": null,
            "vpc_id": "vpc-0afb15ea7910b09da",
            "zone_id": "Z35SXDOTRQ7X7K"
          },
          "private": "eyJlMmJmYjczMC1lY2FhLTExZTYtOGY4OC0zNDM2M2JjN2M0YzAiOnsiY3JlYXRlIjo2MDAwMDAwMDAwMDAsImRlbGV0ZSI6NjAwMDAwMDAwMDAwLCJ1cGRhdGUiOjYwMDAwMDAwMDAwMH19",
          "dependencies": [
            "aws_security_group.elb-sg",
            "module.pub_subnet_1.aws_subnet.subnet",
            "module.pub_subnet_2.aws_subnet.subnet"
          ]
        }
      ]
    },
    {
      "module": "module.http-listener",
      "mode": "managed",
      "type": "aws_lb_listener",
      "name": "listener",
      "provider": "provider.aws",
      "instances": [
        {
          "schema_version": 0,
          "attributes": {
            "arn": "arn:aws:elasticloadbalancing:us-east-1:130193131803:listener/app/sample-elb/0c39fb42015a1ea3/d6f41c65701e1c67",
            "certificate_arn": "",
            "default_action": [
              {
                "authenticate_cognito": [],
                "authenticate_oidc": [],
                "fixed_response": [],
                "forward": [],
                "order": 1,
                "redirect": [],
                "target_group_arn": "arn:aws:elasticloadbalancing:us-east-1:130193131803:targetgroup/sample-target-group/e535e04c14a738f8",
                "type": "forward"
              }
            ],
            "id": "arn:aws:elasticloadbalancing:us-east-1:130193131803:listener/app/sample-elb/0c39fb42015a1ea3/d6f41c65701e1c67",
            "load_balancer_arn": "arn:aws:elasticloadbalancing:us-east-1:130193131803:loadbalancer/app/sample-elb/0c39fb42015a1ea3",
            "port": 80,
            "protocol": "HTTP",
            "ssl_policy": "",
            "timeouts": null
          },
          "private": "eyJlMmJmYjczMC1lY2FhLTExZTYtOGY4OC0zNDM2M2JjN2M0YzAiOnsicmVhZCI6NjAwMDAwMDAwMDAwfX0=",
          "dependencies": [
            "aws_security_group.elb-sg",
            "module.elb.aws_lb.elb",
            "module.new-vpc.aws_vpc.vpc",
            "module.pub_subnet_1.aws_subnet.subnet",
            "module.pub_subnet_2.aws_subnet.subnet",
            "module.target-group.aws_lb_target_group.target-group"
          ]
        }
      ]
    },
    {
      "module": "module.target-group",
      "mode": "managed",
      "type": "aws_lb_target_group",
      "name": "target-group",
      "provider": "provider.aws",
      "instances": [
        {
          "schema_version": 0,
          "attributes": {
            "arn": "arn:aws:elasticloadbalancing:us-east-1:130193131803:targetgroup/sample-target-group/e535e04c14a738f8",
            "arn_suffix": "targetgroup/sample-target-group/e535e04c14a738f8",
            "deregistration_delay": 400,
            "health_check": [
              {
                "enabled": true,
                "healthy_threshold": 3,
                "interval": 30,
                "matcher": "200",
                "path": "/",
                "port": "80",
                "protocol": "HTTP",
                "timeout": 5,
                "unhealthy_threshold": 3
              }
            ],
            "id": "arn:aws:elasticloadbalancing:us-east-1:130193131803:targetgroup/sample-target-group/e535e04c14a738f8",
            "lambda_multi_value_headers_enabled": false,
            "load_balancing_algorithm_type": "round_robin",
            "name": "sample-target-group",
            "name_prefix": null,
            "port": 80,
            "protocol": "HTTP",
            "protocol_version": "HTTP1",
            "proxy_protocol_v2": false,
            "slow_start": 0,
            "stickiness": [
              {
                "cookie_duration": 86400,
                "enabled": false,
                "type": "lb_cookie"
              }
            ],
            "tags": {
              "Application": "",
              "Creation_Date": "",
              "Environment": "",
              "Name": "",
              "Purpose": "",
              "Template": ""
            },
            "target_type": "instance",
            "vpc_id": "vpc-0afb15ea7910b09da"
          },
          "private": "bnVsbA==",
          "dependencies": [
            "module.new-vpc.aws_vpc.vpc"
          ]
        }
      ]
    },
    {
      "module": "module.publicRoutes",
      "mode": "managed",
      "type": "aws_route",
      "name": "route",
      "provider": "provider.aws",
      "instances": [
        {
          "schema_version": 0,
          "attributes": {
            "destination_cidr_block": "0.0.0.0/0",
            "destination_ipv6_cidr_block": "",
            "destination_prefix_list_id": "",
            "egress_only_gateway_id": "",
            "gateway_id": "igw-06110632040b34948",
            "id": "r-rtb-094c25fa036d4542c1080289494",
            "instance_id": "",
            "instance_owner_id": "",
            "local_gateway_id": "",
            "nat_gateway_id": "",
            "network_interface_id": "",
            "origin": "CreateRoute",
            "route_table_id": "rtb-094c25fa036d4542c",
            "state": "active",
            "timeouts": null,
            "transit_gateway_id": "",
            "vpc_endpoint_id": null,
            "vpc_peering_connection_id": ""
          },
          "private": "eyJlMmJmYjczMC1lY2FhLTExZTYtOGY4OC0zNDM2M2JjN2M0YzAiOnsiY3JlYXRlIjoxMjAwMDAwMDAwMDAsImRlbGV0ZSI6MzAwMDAwMDAwMDAwfX0=",
          "dependencies": [
            "module.igw-vpc.aws_internet_gateway.igw",
            "module.new-vpc.aws_vpc.vpc",
            "module.publicRT.aws_route_table.rt"
          ]
        }
      ]
    },
    {
      "module": "module.privateRoutes",
      "mode": "managed",
      "type": "aws_route",
      "name": "route",
      "provider": "provider.aws",
      "instances": [
        {
          "schema_version": 0,
          "attributes": {
            "destination_cidr_block": "0.0.0.0/0",
            "destination_ipv6_cidr_block": "",
            "destination_prefix_list_id": "",
            "egress_only_gateway_id": "",
            "gateway_id": "",
            "id": "r-rtb-010d263c0431d98321080289494",
            "instance_id": "i-0fe998d242d7b320e",
            "instance_owner_id": "130193131803",
            "local_gateway_id": "",
            "nat_gateway_id": "",
            "network_interface_id": "eni-0a13ef054e69a3909",
            "origin": "CreateRoute",
            "route_table_id": "rtb-010d263c0431d9832",
            "state": "active",
            "timeouts": null,
            "transit_gateway_id": "",
            "vpc_endpoint_id": null,
            "vpc_peering_connection_id": ""
          },
          "private": "eyJlMmJmYjczMC1lY2FhLTExZTYtOGY4OC0zNDM2M2JjN2M0YzAiOnsiY3JlYXRlIjoxMjAwMDAwMDAwMDAsImRlbGV0ZSI6MzAwMDAwMDAwMDAwfX0=",
          "dependencies": [
            "aws_security_group.nat-sg",
            "module.nat-ec2.aws_instance.ec2",
            "module.new-vpc.aws_vpc.vpc",
            "module.privateRT.aws_route_table.rt",
            "module.pub_subnet_2.aws_subnet.subnet"
          ]
        }
      ]
    },
    {
      "module": "module.publicRT",
      "mode": "managed",
      "type": "aws_route_table",
      "name": "rt",
      "provider": "provider.aws",
      "instances": [
        {
          "schema_version": 0,
          "attributes": {
            "id": "rtb-094c25fa036d4542c",
            "owner_id": "130193131803",
            "propagating_vgws": [],
            "route": [
              {
                "cidr_block": "0.0.0.0/0",
                "egress_only_gateway_id": "",
                "gateway_id": "igw-06110632040b34948",
                "instance_id": "",
                "ipv6_cidr_block": "",
                "local_gateway_id": "",
                "nat_gateway_id": "",
                "network_interface_id": "",
                "transit_gateway_id": "",
                "vpc_endpoint_id": "",
                "vpc_peering_connection_id": ""
              }
            ],
            "tags": {
              "Application": "template-1-autoscaling",
              "Creation_Date": "August_14_2020",
              "Environment": "dev",
              "Name": "public-route-table",
              "Purpose": "testing_autoscaling_modes",
              "Template": "infrastructure-as-code"
            },
            "vpc_id": "vpc-0afb15ea7910b09da"
          },
          "private": "bnVsbA==",
          "dependencies": [
            "module.new-vpc.aws_vpc.vpc"
          ]
        }
      ]
    },
    {
      "module": "module.privateRT",
      "mode": "managed",
      "type": "aws_route_table",
      "name": "rt",
      "provider": "provider.aws",
      "instances": [
        {
          "schema_version": 0,
          "attributes": {
            "id": "rtb-010d263c0431d9832",
            "owner_id": "130193131803",
            "propagating_vgws": [],
            "route": [
              {
                "cidr_block": "0.0.0.0/0",
                "egress_only_gateway_id": "",
                "gateway_id": "",
                "instance_id": "i-0fe998d242d7b320e",
                "ipv6_cidr_block": "",
                "local_gateway_id": "",
                "nat_gateway_id": "",
                "network_interface_id": "eni-0a13ef054e69a3909",
                "transit_gateway_id": "",
                "vpc_endpoint_id": "",
                "vpc_peering_connection_id": ""
              }
            ],
            "tags": {
              "Application": "template-1-autoscaling",
              "Creation_Date": "August_14_2020",
              "Environment": "dev",
              "Name": "private-route-table",
              "Purpose": "testing_autoscaling_modes",
              "Template": "infrastructure-as-code"
            },
            "vpc_id": "vpc-0afb15ea7910b09da"
          },
          "private": "bnVsbA==",
          "dependencies": [
            "module.new-vpc.aws_vpc.vpc"
          ]
        }
      ]
    },
    {
      "module": "module.rtToPriSubnet2",
      "mode": "managed",
      "type": "aws_route_table_association",
      "name": "rtAssociate",
      "each": "list",
      "provider": "provider.aws",
      "instances": [
        {
          "index_key": 0,
          "schema_version": 0,
          "attributes": {
            "gateway_id": null,
            "id": "rtbassoc-0652690b1d2fa891a",
            "route_table_id": "rtb-010d263c0431d9832",
            "subnet_id": "subnet-0b394fd3cb9d9132d"
          },
          "private": "bnVsbA==",
          "dependencies": [
            "module.new-vpc.aws_vpc.vpc",
            "module.pri_subnet_2.aws_subnet.subnet",
            "module.privateRT.aws_route_table.rt"
          ]
        },
        {
          "index_key": 1,
          "schema_version": 0,
          "attributes": {
            "gateway_id": null,
            "id": "rtbassoc-02a63e4dc7447e4b1",
            "route_table_id": "rtb-010d263c0431d9832",
            "subnet_id": "subnet-04a5183a4a0bc9657"
          },
          "private": "bnVsbA==",
          "dependencies": [
            "module.new-vpc.aws_vpc.vpc",
            "module.pri_subnet_2.aws_subnet.subnet",
            "module.privateRT.aws_route_table.rt"
          ]
        },
        {
          "index_key": 2,
          "schema_version": 0,
          "attributes": {
            "gateway_id": null,
            "id": "rtbassoc-0ca8e1dc7d3d978d1",
            "route_table_id": "rtb-010d263c0431d9832",
            "subnet_id": "subnet-0a41d882f9d421432"
          },
          "private": "bnVsbA==",
          "dependencies": [
            "module.new-vpc.aws_vpc.vpc",
            "module.pri_subnet_2.aws_subnet.subnet",
            "module.privateRT.aws_route_table.rt"
          ]
        }
      ]
    },
    {
      "module": "module.rtToPubSubnet1",
      "mode": "managed",
      "type": "aws_route_table_association",
      "name": "rtAssociate",
      "each": "list",
      "provider": "provider.aws",
      "instances": [
        {
          "index_key": 0,
          "schema_version": 0,
          "attributes": {
            "gateway_id": null,
            "id": "rtbassoc-0f5261ac698952e5a",
            "route_table_id": "rtb-094c25fa036d4542c",
            "subnet_id": "subnet-0f583953f1dcd300b"
          },
          "private": "bnVsbA==",
          "dependencies": [
            "module.new-vpc.aws_vpc.vpc",
            "module.pub_subnet_1.aws_subnet.subnet",
            "module.publicRT.aws_route_table.rt"
          ]
        }
      ]
    },
    {
      "module": "module.rtToPubSubnet2",
      "mode": "managed",
      "type": "aws_route_table_association",
      "name": "rtAssociate",
      "each": "list",
      "provider": "provider.aws",
      "instances": [
        {
          "index_key": 0,
          "schema_version": 0,
          "attributes": {
            "gateway_id": null,
            "id": "rtbassoc-09ff646bd7046526f",
            "route_table_id": "rtb-094c25fa036d4542c",
            "subnet_id": "subnet-0ad0ad70e154e4c16"
          },
          "private": "bnVsbA==",
          "dependencies": [
            "module.new-vpc.aws_vpc.vpc",
            "module.pub_subnet_2.aws_subnet.subnet",
            "module.publicRT.aws_route_table.rt"
          ]
        }
      ]
    },
    {
      "module": "module.rtToPriSubnet1",
      "mode": "managed",
      "type": "aws_route_table_association",
      "name": "rtAssociate",
      "each": "list",
      "provider": "provider.aws",
      "instances": [
        {
          "index_key": 0,
          "schema_version": 0,
          "attributes": {
            "gateway_id": null,
            "id": "rtbassoc-090a51c971dddfaca",
            "route_table_id": "rtb-010d263c0431d9832",
            "subnet_id": "subnet-0ab415cf8f5caa7d6"
          },
          "private": "bnVsbA==",
          "dependencies": [
            "module.new-vpc.aws_vpc.vpc",
            "module.pri_subnet_1.aws_subnet.subnet",
            "module.privateRT.aws_route_table.rt"
          ]
        },
        {
          "index_key": 1,
          "schema_version": 0,
          "attributes": {
            "gateway_id": null,
            "id": "rtbassoc-03d2c9942dbc90cc4",
            "route_table_id": "rtb-010d263c0431d9832",
            "subnet_id": "subnet-024878d2796ec7f24"
          },
          "private": "bnVsbA==",
          "dependencies": [
            "module.new-vpc.aws_vpc.vpc",
            "module.pri_subnet_1.aws_subnet.subnet",
            "module.privateRT.aws_route_table.rt"
          ]
        },
        {
          "index_key": 2,
          "schema_version": 0,
          "attributes": {
            "gateway_id": null,
            "id": "rtbassoc-020a557455b63fa2e",
            "route_table_id": "rtb-010d263c0431d9832",
            "subnet_id": "subnet-0e9852b4c16a6b25e"
          },
          "private": "bnVsbA==",
          "dependencies": [
            "module.new-vpc.aws_vpc.vpc",
            "module.pri_subnet_1.aws_subnet.subnet",
            "module.privateRT.aws_route_table.rt"
          ]
        }
      ]
    },
    {
      "mode": "managed",
      "type": "aws_s3_bucket",
      "name": "s3",
      "provider": "provider.aws",
      "instances": [
        {
          "schema_version": 0,
          "attributes": {
            "acceleration_status": "",
            "acl": "private",
            "arn": "arn:aws:s3:::load-balancer-logs-elb-ed",
            "bucket": "load-balancer-logs-elb-ed",
            "bucket_domain_name": "load-balancer-logs-elb-ed.s3.amazonaws.com",
            "bucket_prefix": null,
            "bucket_regional_domain_name": "load-balancer-logs-elb-ed.s3.amazonaws.com",
            "cors_rule": [],
            "force_destroy": true,
            "grant": [],
            "hosted_zone_id": "Z3AQBSTGFYJSTF",
            "id": "load-balancer-logs-elb-ed",
            "lifecycle_rule": [],
            "logging": [],
            "object_lock_configuration": [],
            "policy": "{\"Id\":\"Policy1566872708101\",\"Statement\":[{\"Action\":\"s3:PutObject\",\"Effect\":\"Allow\",\"Principal\":{\"AWS\":\"arn:aws:iam::127311923021:root\"},\"Resource\":\"arn:aws:s3:::load-balancer-logs-elb-ed/AWSLogs/130193131803/*\",\"Sid\":\"Stmt1566872706748\"}],\"Version\":\"2012-10-17\"}",
            "region": "us-east-1",
            "replication_configuration": [],
            "request_payer": "BucketOwner",
            "server_side_encryption_configuration": [],
            "tags": {
              "Application": "template-1-autoscaling",
              "Creation_Date": "August_14_2020",
              "Environment": "dev",
              "Name": "load-balancer-logs-elb-ed",
              "Purpose": "testing_autoscaling_modes",
              "Template": "infrastructure-as-code"
            },
            "versioning": [
              {
                "enabled": false,
                "mfa_delete": false
              }
            ],
            "website": [],
            "website_domain": null,
            "website_endpoint": null
          },
          "private": "bnVsbA=="
        }
      ]
    },
    {
      "mode": "managed",
      "type": "aws_security_group",
      "name": "elb-sg",
      "provider": "provider.aws",
      "instances": [
        {
          "schema_version": 1,
          "attributes": {
            "arn": "arn:aws:ec2:us-east-1:130193131803:security-group/sg-09be60124ff4cf5ae",
            "description": "ELB security group for infrastructure-as-code in dev environment",
            "egress": [
              {
                "cidr_blocks": [
                  "0.0.0.0/0"
                ],
                "description": "",
                "from_port": 0,
                "ipv6_cidr_blocks": [],
                "prefix_list_ids": [],
                "protocol": "-1",
                "security_groups": [],
                "self": false,
                "to_port": 0
              }
            ],
            "id": "sg-09be60124ff4cf5ae",
            "ingress": [
              {
                "cidr_blocks": [
                  "0.0.0.0/0"
                ],
                "description": "",
                "from_port": 80,
                "ipv6_cidr_blocks": [],
                "prefix_list_ids": [],
                "protocol": "tcp",
                "security_groups": [],
                "self": false,
                "to_port": 80
              }
            ],
            "name": "elb-dev",
            "name_prefix": "",
            "owner_id": "130193131803",
            "revoke_rules_on_delete": false,
            "tags": {
              "Application": "template-1-autoscaling",
              "Creation_Date": "August_14_2020",
              "Environment": "dev",
              "Name": "elb-dev",
              "Purpose": "testing_autoscaling_modes",
              "Template": "infrastructure-as-code"
            },
            "timeouts": null,
            "vpc_id": "vpc-0afb15ea7910b09da"
          },
          "private": "eyJlMmJmYjczMC1lY2FhLTExZTYtOGY4OC0zNDM2M2JjN2M0YzAiOnsiY3JlYXRlIjo2MDAwMDAwMDAwMDAsImRlbGV0ZSI6NjAwMDAwMDAwMDAwfSwic2NoZW1hX3ZlcnNpb24iOiIxIn0=",
          "dependencies": [
            "module.new-vpc.aws_vpc.vpc"
          ]
        }
      ]
    },
    {
      "mode": "managed",
      "type": "aws_security_group",
      "name": "nat-sg",
      "provider": "provider.aws",
      "instances": [
        {
          "schema_version": 1,
          "attributes": {
            "arn": "arn:aws:ec2:us-east-1:130193131803:security-group/sg-03938844914590328",
            "description": "NAT security group for infrastructure-as-code in dev environment",
            "egress": [
              {
                "cidr_blocks": [
                  "0.0.0.0/0"
                ],
                "description": "",
                "from_port": 0,
                "ipv6_cidr_blocks": [],
                "prefix_list_ids": [],
                "protocol": "-1",
                "security_groups": [],
                "self": false,
                "to_port": 0
              }
            ],
            "id": "sg-03938844914590328",
            "ingress": [
              {
                "cidr_blocks": [
                  "172.168.0.160/27",
                  "172.168.0.192/27",
                  "172.168.0.224/27",
                  "172.168.0.64/27",
                  "172.168.0.96/27",
                  "172.168.0.128/27"
                ],
                "description": "",
                "from_port": 443,
                "ipv6_cidr_blocks": [],
                "prefix_list_ids": [],
                "protocol": "tcp",
                "security_groups": [],
                "self": false,
                "to_port": 443
              },
              {
                "cidr_blocks": [
                  "172.168.0.224/27",
                  "172.168.0.192/27",
                  "172.168.0.160/27"
                ],
                "description": "",
                "from_port": 80,
                "ipv6_cidr_blocks": [],
                "prefix_list_ids": [],
                "protocol": "tcp",
                "security_groups": [],
                "self": false,
                "to_port": 80
              },
              {
                "cidr_blocks": [
                  "172.168.0.64/27",
                  "172.168.0.96/27",
                  "172.168.0.128/27"
                ],
                "description": "",
                "from_port": 80,
                "ipv6_cidr_blocks": [],
                "prefix_list_ids": [],
                "protocol": "tcp",
                "security_groups": [],
                "self": false,
                "to_port": 80
              },
              {
                "cidr_blocks": [
                  "80.112.143.163/32"
                ],
                "description": "",
                "from_port": 22,
                "ipv6_cidr_blocks": [],
                "prefix_list_ids": [],
                "protocol": "tcp",
                "security_groups": [],
                "self": false,
                "to_port": 22
              }
            ],
            "name": "pub-dev",
            "name_prefix": "",
            "owner_id": "130193131803",
            "revoke_rules_on_delete": false,
            "tags": {
              "Application": "template-1-autoscaling",
              "Creation_Date": "August_14_2020",
              "Environment": "dev",
              "Name": "pub-dev",
              "Purpose": "testing_autoscaling_modes",
              "Template": "infrastructure-as-code"
            },
            "timeouts": null,
            "vpc_id": "vpc-0afb15ea7910b09da"
          },
          "private": "eyJlMmJmYjczMC1lY2FhLTExZTYtOGY4OC0zNDM2M2JjN2M0YzAiOnsiY3JlYXRlIjo2MDAwMDAwMDAwMDAsImRlbGV0ZSI6NjAwMDAwMDAwMDAwfSwic2NoZW1hX3ZlcnNpb24iOiIxIn0=",
          "dependencies": [
            "module.new-vpc.aws_vpc.vpc"
          ]
        }
      ]
    },
    {
      "mode": "managed",
      "type": "aws_security_group",
      "name": "web-sg",
      "provider": "provider.aws",
      "instances": [
        {
          "schema_version": 1,
          "attributes": {
            "arn": "arn:aws:ec2:us-east-1:130193131803:security-group/sg-07358f97f0639c4a6",
            "description": "WEB security group for dev environment",
            "egress": [
              {
                "cidr_blocks": [
                  "0.0.0.0/0"
                ],
                "description": "",
                "from_port": 0,
                "ipv6_cidr_blocks": [],
                "prefix_list_ids": [],
                "protocol": "-1",
                "security_groups": [],
                "self": false,
                "to_port": 0
              }
            ],
            "id": "sg-07358f97f0639c4a6",
            "ingress": [
              {
                "cidr_blocks": [],
                "description": "",
                "from_port": 22,
                "ipv6_cidr_blocks": [],
                "prefix_list_ids": [],
                "protocol": "tcp",
                "security_groups": [
                  "sg-03938844914590328"
                ],
                "self": false,
                "to_port": 22
              },
              {
                "cidr_blocks": [],
                "description": "",
                "from_port": 80,
                "ipv6_cidr_blocks": [],
                "prefix_list_ids": [],
                "protocol": "tcp",
                "security_groups": [
                  "sg-03938844914590328"
                ],
                "self": false,
                "to_port": 80
              },
              {
                "cidr_blocks": [],
                "description": "",
                "from_port": 80,
                "ipv6_cidr_blocks": [],
                "prefix_list_ids": [],
                "protocol": "tcp",
                "security_groups": [
                  "sg-09be60124ff4cf5ae"
                ],
                "self": false,
                "to_port": 80
              }
            ],
            "name": "pri-dev",
            "name_prefix": "",
            "owner_id": "130193131803",
            "revoke_rules_on_delete": false,
            "tags": {
              "Application": "template-1-autoscaling",
              "Creation_Date": "August_14_2020",
              "Environment": "dev",
              "Name": "pri-dev",
              "Purpose": "testing_autoscaling_modes",
              "Template": "infrastructure-as-code"
            },
            "timeouts": null,
            "vpc_id": "vpc-0afb15ea7910b09da"
          },
          "private": "eyJlMmJmYjczMC1lY2FhLTExZTYtOGY4OC0zNDM2M2JjN2M0YzAiOnsiY3JlYXRlIjo2MDAwMDAwMDAwMDAsImRlbGV0ZSI6NjAwMDAwMDAwMDAwfSwic2NoZW1hX3ZlcnNpb24iOiIxIn0=",
          "dependencies": [
            "module.new-vpc.aws_vpc.vpc"
          ]
        }
      ]
    },
    {
      "mode": "managed",
      "type": "aws_security_group_rule",
      "name": "elb-sg-rule",
      "provider": "provider.aws",
      "instances": [
        {
          "schema_version": 2,
          "attributes": {
            "cidr_blocks": [
              "0.0.0.0/0"
            ],
            "description": "",
            "from_port": 80,
            "id": "sgrule-2579160172",
            "ipv6_cidr_blocks": [],
            "prefix_list_ids": [],
            "protocol": "tcp",
            "security_group_id": "sg-09be60124ff4cf5ae",
            "self": false,
            "source_security_group_id": null,
            "to_port": 80,
            "type": "ingress"
          },
          "private": "eyJzY2hlbWFfdmVyc2lvbiI6IjIifQ==",
          "dependencies": [
            "aws_security_group.elb-sg",
            "module.new-vpc.aws_vpc.vpc"
          ]
        }
      ]
    },
    {
      "mode": "managed",
      "type": "aws_security_group_rule",
      "name": "elb-sg-rule-egress",
      "provider": "provider.aws",
      "instances": [
        {
          "schema_version": 2,
          "attributes": {
            "cidr_blocks": [
              "0.0.0.0/0"
            ],
            "description": "",
            "from_port": 0,
            "id": "sgrule-17387174",
            "ipv6_cidr_blocks": [],
            "prefix_list_ids": [],
            "protocol": "-1",
            "security_group_id": "sg-09be60124ff4cf5ae",
            "self": false,
            "source_security_group_id": null,
            "to_port": 0,
            "type": "egress"
          },
          "private": "eyJzY2hlbWFfdmVyc2lvbiI6IjIifQ==",
          "dependencies": [
            "aws_security_group.elb-sg",
            "module.new-vpc.aws_vpc.vpc"
          ]
        }
      ]
    },
    {
      "mode": "managed",
      "type": "aws_security_group_rule",
      "name": "nat-sg-rule-01",
      "provider": "provider.aws",
      "instances": [
        {
          "schema_version": 2,
          "attributes": {
            "cidr_blocks": [
              "80.112.143.163/32"
            ],
            "description": "",
            "from_port": 22,
            "id": "sgrule-4090542027",
            "ipv6_cidr_blocks": [],
            "prefix_list_ids": [],
            "protocol": "tcp",
            "security_group_id": "sg-03938844914590328",
            "self": false,
            "source_security_group_id": null,
            "to_port": 22,
            "type": "ingress"
          },
          "private": "eyJzY2hlbWFfdmVyc2lvbiI6IjIifQ==",
          "dependencies": [
            "aws_security_group.nat-sg",
            "module.new-vpc.aws_vpc.vpc"
          ]
        }
      ]
    },
    {
      "mode": "managed",
      "type": "aws_security_group_rule",
      "name": "nat-sg-rule-02",
      "provider": "provider.aws",
      "instances": [
        {
          "schema_version": 2,
          "attributes": {
            "cidr_blocks": [
              "172.168.0.64/27",
              "172.168.0.96/27",
              "172.168.0.128/27"
            ],
            "description": "",
            "from_port": 80,
            "id": "sgrule-3615900336",
            "ipv6_cidr_blocks": [],
            "prefix_list_ids": [],
            "protocol": "tcp",
            "security_group_id": "sg-03938844914590328",
            "self": false,
            "source_security_group_id": null,
            "to_port": 80,
            "type": "ingress"
          },
          "private": "eyJzY2hlbWFfdmVyc2lvbiI6IjIifQ==",
          "dependencies": [
            "aws_security_group.nat-sg"
          ]
        }
      ]
    },
    {
      "mode": "managed",
      "type": "aws_security_group_rule",
      "name": "nat-sg-rule-03",
      "provider": "provider.aws",
      "instances": [
        {
          "schema_version": 2,
          "attributes": {
            "cidr_blocks": [
              "172.168.0.64/27",
              "172.168.0.96/27",
              "172.168.0.128/27"
            ],
            "description": "",
            "from_port": 443,
            "id": "sgrule-872426228",
            "ipv6_cidr_blocks": [],
            "prefix_list_ids": [],
            "protocol": "tcp",
            "security_group_id": "sg-03938844914590328",
            "self": false,
            "source_security_group_id": null,
            "to_port": 443,
            "type": "ingress"
          },
          "private": "eyJzY2hlbWFfdmVyc2lvbiI6IjIifQ==",
          "dependencies": [
            "aws_security_group.nat-sg"
          ]
        }
      ]
    },
    {
      "mode": "managed",
      "type": "aws_security_group_rule",
      "name": "nat-sg-rule-egress",
      "provider": "provider.aws",
      "instances": [
        {
          "schema_version": 2,
          "attributes": {
            "cidr_blocks": [
              "0.0.0.0/0"
            ],
            "description": "",
            "from_port": 0,
            "id": "sgrule-1370632245",
            "ipv6_cidr_blocks": [],
            "prefix_list_ids": [],
            "protocol": "-1",
            "security_group_id": "sg-03938844914590328",
            "self": false,
            "source_security_group_id": null,
            "to_port": 0,
            "type": "egress"
          },
          "private": "eyJzY2hlbWFfdmVyc2lvbiI6IjIifQ==",
          "dependencies": [
            "aws_security_group.nat-sg",
            "module.new-vpc.aws_vpc.vpc"
          ]
        }
      ]
    },
    {
      "mode": "managed",
      "type": "aws_security_group_rule",
      "name": "nat-sg-rule-http-02",
      "provider": "provider.aws",
      "instances": [
        {
          "schema_version": 2,
          "attributes": {
            "cidr_blocks": [
              "172.168.0.160/27",
              "172.168.0.192/27",
              "172.168.0.224/27"
            ],
            "description": "",
            "from_port": 80,
            "id": "sgrule-387648147",
            "ipv6_cidr_blocks": [],
            "prefix_list_ids": [],
            "protocol": "tcp",
            "security_group_id": "sg-03938844914590328",
            "self": false,
            "source_security_group_id": null,
            "to_port": 80,
            "type": "ingress"
          },
          "private": "eyJzY2hlbWFfdmVyc2lvbiI6IjIifQ==",
          "dependencies": [
            "aws_security_group.nat-sg"
          ]
        }
      ]
    },
    {
      "mode": "managed",
      "type": "aws_security_group_rule",
      "name": "nat-sg-rule-https-02",
      "provider": "provider.aws",
      "instances": [
        {
          "schema_version": 2,
          "attributes": {
            "cidr_blocks": [
              "172.168.0.160/27",
              "172.168.0.192/27",
              "172.168.0.224/27"
            ],
            "description": "",
            "from_port": 443,
            "id": "sgrule-3228011134",
            "ipv6_cidr_blocks": [],
            "prefix_list_ids": [],
            "protocol": "tcp",
            "security_group_id": "sg-03938844914590328",
            "self": false,
            "source_security_group_id": null,
            "to_port": 443,
            "type": "ingress"
          },
          "private": "eyJzY2hlbWFfdmVyc2lvbiI6IjIifQ==",
          "dependencies": [
            "aws_security_group.nat-sg"
          ]
        }
      ]
    },
    {
      "mode": "managed",
      "type": "aws_security_group_rule",
      "name": "web-sg-rule-01",
      "provider": "provider.aws",
      "instances": [
        {
          "schema_version": 2,
          "attributes": {
            "cidr_blocks": [],
            "description": "",
            "from_port": 22,
            "id": "sgrule-4259084966",
            "ipv6_cidr_blocks": [],
            "prefix_list_ids": [],
            "protocol": "tcp",
            "security_group_id": "sg-07358f97f0639c4a6",
            "self": false,
            "source_security_group_id": "sg-03938844914590328",
            "to_port": 22,
            "type": "ingress"
          },
          "private": "eyJzY2hlbWFfdmVyc2lvbiI6IjIifQ==",
          "dependencies": [
            "aws_security_group.nat-sg",
            "aws_security_group.web-sg",
            "module.new-vpc.aws_vpc.vpc"
          ]
        }
      ]
    },
    {
      "mode": "managed",
      "type": "aws_security_group_rule",
      "name": "web-sg-rule-02",
      "provider": "provider.aws",
      "instances": [
        {
          "schema_version": 2,
          "attributes": {
            "cidr_blocks": [],
            "description": "",
            "from_port": 80,
            "id": "sgrule-1759700142",
            "ipv6_cidr_blocks": [],
            "prefix_list_ids": [],
            "protocol": "tcp",
            "security_group_id": "sg-07358f97f0639c4a6",
            "self": false,
            "source_security_group_id": "sg-03938844914590328",
            "to_port": 80,
            "type": "ingress"
          },
          "private": "eyJzY2hlbWFfdmVyc2lvbiI6IjIifQ==",
          "dependencies": [
            "aws_security_group.nat-sg",
            "aws_security_group.web-sg"
          ]
        }
      ]
    },
    {
      "mode": "managed",
      "type": "aws_security_group_rule",
      "name": "web-sg-rule-03",
      "provider": "provider.aws",
      "instances": [
        {
          "schema_version": 2,
          "attributes": {
            "cidr_blocks": [],
            "description": "",
            "from_port": 80,
            "id": "sgrule-1572238534",
            "ipv6_cidr_blocks": [],
            "prefix_list_ids": [],
            "protocol": "tcp",
            "security_group_id": "sg-07358f97f0639c4a6",
            "self": false,
            "source_security_group_id": "sg-09be60124ff4cf5ae",
            "to_port": 80,
            "type": "ingress"
          },
          "private": "eyJzY2hlbWFfdmVyc2lvbiI6IjIifQ==",
          "dependencies": [
            "aws_security_group.elb-sg",
            "aws_security_group.web-sg"
          ]
        }
      ]
    },
    {
      "mode": "managed",
      "type": "aws_security_group_rule",
      "name": "web-sg-rule-egress",
      "provider": "provider.aws",
      "instances": [
        {
          "schema_version": 2,
          "attributes": {
            "cidr_blocks": [
              "0.0.0.0/0"
            ],
            "description": "",
            "from_port": 0,
            "id": "sgrule-3083409097",
            "ipv6_cidr_blocks": [],
            "prefix_list_ids": [],
            "protocol": "-1",
            "security_group_id": "sg-07358f97f0639c4a6",
            "self": false,
            "source_security_group_id": null,
            "to_port": 0,
            "type": "egress"
          },
          "private": "eyJzY2hlbWFfdmVyc2lvbiI6IjIifQ==",
          "dependencies": [
            "aws_security_group.web-sg",
            "module.new-vpc.aws_vpc.vpc"
          ]
        }
      ]
    },
    {
      "mode": "managed",
      "type": "aws_sns_topic",
      "name": "example",
      "provider": "provider.aws",
      "instances": [
        {
          "schema_version": 0,
          "attributes": {
            "application_failure_feedback_role_arn": "",
            "application_success_feedback_role_arn": "",
            "application_success_feedback_sample_rate": null,
            "arn": "arn:aws:sns:us-east-1:130193131803:example-topic",
            "delivery_policy": "",
            "display_name": "",
            "http_failure_feedback_role_arn": "",
            "http_success_feedback_role_arn": "",
            "http_success_feedback_sample_rate": null,
            "id": "arn:aws:sns:us-east-1:130193131803:example-topic",
            "kms_master_key_id": "",
            "lambda_failure_feedback_role_arn": "",
            "lambda_success_feedback_role_arn": "",
            "lambda_success_feedback_sample_rate": null,
            "name": "example-topic",
            "name_prefix": null,
            "policy": "{\"Version\":\"2008-10-17\",\"Id\":\"__default_policy_ID\",\"Statement\":[{\"Sid\":\"__default_statement_ID\",\"Effect\":\"Allow\",\"Principal\":{\"AWS\":\"*\"},\"Action\":[\"SNS:GetTopicAttributes\",\"SNS:SetTopicAttributes\",\"SNS:AddPermission\",\"SNS:RemovePermission\",\"SNS:DeleteTopic\",\"SNS:Subscribe\",\"SNS:ListSubscriptionsByTopic\",\"SNS:Publish\",\"SNS:Receive\"],\"Resource\":\"arn:aws:sns:us-east-1:130193131803:example-topic\",\"Condition\":{\"StringEquals\":{\"AWS:SourceOwner\":\"130193131803\"}}}]}",
            "sqs_failure_feedback_role_arn": "",
            "sqs_success_feedback_role_arn": "",
            "sqs_success_feedback_sample_rate": null,
            "tags": null
          },
          "private": "bnVsbA=="
        }
      ]
    },
    {
      "mode": "managed",
      "type": "aws_sns_topic_subscription",
      "name": "user_updates_sqs_target",
      "provider": "provider.aws",
      "instances": [
        {
          "schema_version": 0,
          "attributes": {
            "arn": "arn:aws:sns:us-east-1:130193131803:example-topic:4c2f4ad4-a882-4a4a-aa15-59d5c334dbb0",
            "confirmation_timeout_in_minutes": 1,
            "confirmation_was_authenticated": false,
            "delivery_policy": "",
            "endpoint": "edgardojesus16@gmail.com",
            "endpoint_auto_confirms": false,
            "filter_policy": "",
            "id": "arn:aws:sns:us-east-1:130193131803:example-topic:4c2f4ad4-a882-4a4a-aa15-59d5c334dbb0",
            "owner_id": "130193131803",
            "pending_confirmation": true,
            "protocol": "email",
            "raw_message_delivery": false,
            "redrive_policy": "",
            "subscription_role_arn": "",
            "topic_arn": "arn:aws:sns:us-east-1:130193131803:example-topic"
          },
          "private": "bnVsbA==",
          "dependencies": [
            "aws_sns_topic.example"
          ]
        }
      ]
    },
    {
      "module": "module.pri_subnet_2",
      "mode": "managed",
      "type": "aws_subnet",
      "name": "subnet",
      "each": "list",
      "provider": "provider.aws",
      "instances": [
        {
          "index_key": 0,
          "schema_version": 1,
          "attributes": {
            "arn": "arn:aws:ec2:us-east-1:130193131803:subnet/subnet-0b394fd3cb9d9132d",
            "assign_ipv6_address_on_creation": false,
            "availability_zone": "us-east-1b",
            "availability_zone_id": "use1-az6",
            "cidr_block": "172.168.0.160/27",
            "customer_owned_ipv4_pool": "",
            "id": "subnet-0b394fd3cb9d9132d",
            "ipv6_cidr_block": "",
            "ipv6_cidr_block_association_id": "",
            "map_customer_owned_ip_on_launch": false,
            "map_public_ip_on_launch": false,
            "outpost_arn": "",
            "owner_id": "130193131803",
            "tags": {
              "Availability": "ha-subnet",
              "Creation_Date": "",
              "Name": "private-web-subnet-02",
              "Purpose": "",
              "Template": "infrastructure-as-code",
              "Type": "private"
            },
            "timeouts": null,
            "vpc_id": "vpc-0afb15ea7910b09da"
          },
          "private": "eyJlMmJmYjczMC1lY2FhLTExZTYtOGY4OC0zNDM2M2JjN2M0YzAiOnsiY3JlYXRlIjo2MDAwMDAwMDAwMDAsImRlbGV0ZSI6MTIwMDAwMDAwMDAwMH0sInNjaGVtYV92ZXJzaW9uIjoiMSJ9",
          "dependencies": [
            "module.new-vpc.aws_vpc.vpc"
          ]
        },
        {
          "index_key": 1,
          "schema_version": 1,
          "attributes": {
            "arn": "arn:aws:ec2:us-east-1:130193131803:subnet/subnet-04a5183a4a0bc9657",
            "assign_ipv6_address_on_creation": false,
            "availability_zone": "us-east-1b",
            "availability_zone_id": "use1-az6",
            "cidr_block": "172.168.0.192/27",
            "customer_owned_ipv4_pool": "",
            "id": "subnet-04a5183a4a0bc9657",
            "ipv6_cidr_block": "",
            "ipv6_cidr_block_association_id": "",
            "map_customer_owned_ip_on_launch": false,
            "map_public_ip_on_launch": false,
            "outpost_arn": "",
            "owner_id": "130193131803",
            "tags": {
              "Availability": "ha-subnet",
              "Creation_Date": "",
              "Name": "private-app-subnet-02",
              "Purpose": "",
              "Template": "infrastructure-as-code",
              "Type": "private"
            },
            "timeouts": null,
            "vpc_id": "vpc-0afb15ea7910b09da"
          },
          "private": "eyJlMmJmYjczMC1lY2FhLTExZTYtOGY4OC0zNDM2M2JjN2M0YzAiOnsiY3JlYXRlIjo2MDAwMDAwMDAwMDAsImRlbGV0ZSI6MTIwMDAwMDAwMDAwMH0sInNjaGVtYV92ZXJzaW9uIjoiMSJ9",
          "dependencies": [
            "module.new-vpc.aws_vpc.vpc"
          ]
        },
        {
          "index_key": 2,
          "schema_version": 1,
          "attributes": {
            "arn": "arn:aws:ec2:us-east-1:130193131803:subnet/subnet-0a41d882f9d421432",
            "assign_ipv6_address_on_creation": false,
            "availability_zone": "us-east-1b",
            "availability_zone_id": "use1-az6",
            "cidr_block": "172.168.0.224/27",
            "customer_owned_ipv4_pool": "",
            "id": "subnet-0a41d882f9d421432",
            "ipv6_cidr_block": "",
            "ipv6_cidr_block_association_id": "",
            "map_customer_owned_ip_on_launch": false,
            "map_public_ip_on_launch": false,
            "outpost_arn": "",
            "owner_id": "130193131803",
            "tags": {
              "Availability": "ha-subnet",
              "Creation_Date": "",
              "Name": "private-db-subnet-02",
              "Purpose": "",
              "Template": "infrastructure-as-code",
              "Type": "private"
            },
            "timeouts": null,
            "vpc_id": "vpc-0afb15ea7910b09da"
          },
          "private": "eyJlMmJmYjczMC1lY2FhLTExZTYtOGY4OC0zNDM2M2JjN2M0YzAiOnsiY3JlYXRlIjo2MDAwMDAwMDAwMDAsImRlbGV0ZSI6MTIwMDAwMDAwMDAwMH0sInNjaGVtYV92ZXJzaW9uIjoiMSJ9",
          "dependencies": [
            "module.new-vpc.aws_vpc.vpc"
          ]
        }
      ]
    },
    {
      "module": "module.pub_subnet_1",
      "mode": "managed",
      "type": "aws_subnet",
      "name": "subnet",
      "each": "list",
      "provider": "provider.aws",
      "instances": [
        {
          "index_key": 0,
          "schema_version": 1,
          "attributes": {
            "arn": "arn:aws:ec2:us-east-1:130193131803:subnet/subnet-0f583953f1dcd300b",
            "assign_ipv6_address_on_creation": false,
            "availability_zone": "us-east-1a",
            "availability_zone_id": "use1-az4",
            "cidr_block": "172.168.0.0/27",
            "customer_owned_ipv4_pool": "",
            "id": "subnet-0f583953f1dcd300b",
            "ipv6_cidr_block": "",
            "ipv6_cidr_block_association_id": "",
            "map_customer_owned_ip_on_launch": false,
            "map_public_ip_on_launch": true,
            "outpost_arn": "",
            "owner_id": "130193131803",
            "tags": {
              "Availability": "main-subnet",
              "Creation_Date": "",
              "Name": "public-subnet-01",
              "Purpose": "",
              "Template": "infrastructure-as-code",
              "Type": "public"
            },
            "timeouts": null,
            "vpc_id": "vpc-0afb15ea7910b09da"
          },
          "private": "eyJlMmJmYjczMC1lY2FhLTExZTYtOGY4OC0zNDM2M2JjN2M0YzAiOnsiY3JlYXRlIjo2MDAwMDAwMDAwMDAsImRlbGV0ZSI6MTIwMDAwMDAwMDAwMH0sInNjaGVtYV92ZXJzaW9uIjoiMSJ9",
          "dependencies": [
            "module.new-vpc.aws_vpc.vpc"
          ]
        }
      ]
    },
    {
      "module": "module.pri_subnet_1",
      "mode": "managed",
      "type": "aws_subnet",
      "name": "subnet",
      "each": "list",
      "provider": "provider.aws",
      "instances": [
        {
          "index_key": 0,
          "schema_version": 1,
          "attributes": {
            "arn": "arn:aws:ec2:us-east-1:130193131803:subnet/subnet-0ab415cf8f5caa7d6",
            "assign_ipv6_address_on_creation": false,
            "availability_zone": "us-east-1a",
            "availability_zone_id": "use1-az4",
            "cidr_block": "172.168.0.64/27",
            "customer_owned_ipv4_pool": "",
            "id": "subnet-0ab415cf8f5caa7d6",
            "ipv6_cidr_block": "",
            "ipv6_cidr_block_association_id": "",
            "map_customer_owned_ip_on_launch": false,
            "map_public_ip_on_launch": false,
            "outpost_arn": "",
            "owner_id": "130193131803",
            "tags": {
              "Availability": "main-subnet",
              "Creation_Date": "",
              "Name": "private-web-subnet-01",
              "Purpose": "",
              "Template": "infrastructure-as-code",
              "Type": "private"
            },
            "timeouts": null,
            "vpc_id": "vpc-0afb15ea7910b09da"
          },
          "private": "eyJlMmJmYjczMC1lY2FhLTExZTYtOGY4OC0zNDM2M2JjN2M0YzAiOnsiY3JlYXRlIjo2MDAwMDAwMDAwMDAsImRlbGV0ZSI6MTIwMDAwMDAwMDAwMH0sInNjaGVtYV92ZXJzaW9uIjoiMSJ9",
          "dependencies": [
            "module.new-vpc.aws_vpc.vpc"
          ]
        },
        {
          "index_key": 1,
          "schema_version": 1,
          "attributes": {
            "arn": "arn:aws:ec2:us-east-1:130193131803:subnet/subnet-024878d2796ec7f24",
            "assign_ipv6_address_on_creation": false,
            "availability_zone": "us-east-1a",
            "availability_zone_id": "use1-az4",
            "cidr_block": "172.168.0.96/27",
            "customer_owned_ipv4_pool": "",
            "id": "subnet-024878d2796ec7f24",
            "ipv6_cidr_block": "",
            "ipv6_cidr_block_association_id": "",
            "map_customer_owned_ip_on_launch": false,
            "map_public_ip_on_launch": false,
            "outpost_arn": "",
            "owner_id": "130193131803",
            "tags": {
              "Availability": "main-subnet",
              "Creation_Date": "",
              "Name": "private-app-subnet-01",
              "Purpose": "",
              "Template": "infrastructure-as-code",
              "Type": "private"
            },
            "timeouts": null,
            "vpc_id": "vpc-0afb15ea7910b09da"
          },
          "private": "eyJlMmJmYjczMC1lY2FhLTExZTYtOGY4OC0zNDM2M2JjN2M0YzAiOnsiY3JlYXRlIjo2MDAwMDAwMDAwMDAsImRlbGV0ZSI6MTIwMDAwMDAwMDAwMH0sInNjaGVtYV92ZXJzaW9uIjoiMSJ9",
          "dependencies": [
            "module.new-vpc.aws_vpc.vpc"
          ]
        },
        {
          "index_key": 2,
          "schema_version": 1,
          "attributes": {
            "arn": "arn:aws:ec2:us-east-1:130193131803:subnet/subnet-0e9852b4c16a6b25e",
            "assign_ipv6_address_on_creation": false,
            "availability_zone": "us-east-1a",
            "availability_zone_id": "use1-az4",
            "cidr_block": "172.168.0.128/27",
            "customer_owned_ipv4_pool": "",
            "id": "subnet-0e9852b4c16a6b25e",
            "ipv6_cidr_block": "",
            "ipv6_cidr_block_association_id": "",
            "map_customer_owned_ip_on_launch": false,
            "map_public_ip_on_launch": false,
            "outpost_arn": "",
            "owner_id": "130193131803",
            "tags": {
              "Availability": "main-subnet",
              "Creation_Date": "",
              "Name": "private-db-subnet-01",
              "Purpose": "",
              "Template": "infrastructure-as-code",
              "Type": "private"
            },
            "timeouts": null,
            "vpc_id": "vpc-0afb15ea7910b09da"
          },
          "private": "eyJlMmJmYjczMC1lY2FhLTExZTYtOGY4OC0zNDM2M2JjN2M0YzAiOnsiY3JlYXRlIjo2MDAwMDAwMDAwMDAsImRlbGV0ZSI6MTIwMDAwMDAwMDAwMH0sInNjaGVtYV92ZXJzaW9uIjoiMSJ9",
          "dependencies": [
            "module.new-vpc.aws_vpc.vpc"
          ]
        }
      ]
    },
    {
      "module": "module.pub_subnet_2",
      "mode": "managed",
      "type": "aws_subnet",
      "name": "subnet",
      "each": "list",
      "provider": "provider.aws",
      "instances": [
        {
          "index_key": 0,
          "schema_version": 1,
          "attributes": {
            "arn": "arn:aws:ec2:us-east-1:130193131803:subnet/subnet-0ad0ad70e154e4c16",
            "assign_ipv6_address_on_creation": false,
            "availability_zone": "us-east-1b",
            "availability_zone_id": "use1-az6",
            "cidr_block": "172.168.0.32/27",
            "customer_owned_ipv4_pool": "",
            "id": "subnet-0ad0ad70e154e4c16",
            "ipv6_cidr_block": "",
            "ipv6_cidr_block_association_id": "",
            "map_customer_owned_ip_on_launch": false,
            "map_public_ip_on_launch": true,
            "outpost_arn": "",
            "owner_id": "130193131803",
            "tags": {
              "Availability": "ha-subnet",
              "Creation_Date": "",
              "Name": "public-subnet-02",
              "Purpose": "",
              "Template": "infrastructure-as-code",
              "Type": "public"
            },
            "timeouts": null,
            "vpc_id": "vpc-0afb15ea7910b09da"
          },
          "private": "eyJlMmJmYjczMC1lY2FhLTExZTYtOGY4OC0zNDM2M2JjN2M0YzAiOnsiY3JlYXRlIjo2MDAwMDAwMDAwMDAsImRlbGV0ZSI6MTIwMDAwMDAwMDAwMH0sInNjaGVtYV92ZXJzaW9uIjoiMSJ9",
          "dependencies": [
            "module.new-vpc.aws_vpc.vpc"
          ]
        }
      ]
    },
    {
      "module": "module.new-vpc",
      "mode": "managed",
      "type": "aws_vpc",
      "name": "vpc",
      "provider": "provider.aws",
      "instances": [
        {
          "schema_version": 1,
          "attributes": {
            "arn": "arn:aws:ec2:us-east-1:130193131803:vpc/vpc-0afb15ea7910b09da",
            "assign_generated_ipv6_cidr_block": false,
            "cidr_block": "172.168.0.0/24",
            "default_network_acl_id": "acl-09c460e21c9914af8",
            "default_route_table_id": "rtb-01f38e5998b0ed41f",
            "default_security_group_id": "sg-0dbd358aee8ab5008",
            "dhcp_options_id": "dopt-3af28441",
            "enable_classiclink": false,
            "enable_classiclink_dns_support": false,
            "enable_dns_hostnames": true,
            "enable_dns_support": true,
            "id": "vpc-0afb15ea7910b09da",
            "instance_tenancy": "default",
            "ipv6_association_id": "",
            "ipv6_cidr_block": "",
            "main_route_table_id": "rtb-01f38e5998b0ed41f",
            "owner_id": "130193131803",
            "tags": {
              "Creation_Date": "August_14_2020",
              "Name": "terraform-deployment-vpc",
              "Purpose": "testing_autoscaling_modes",
              "Template": "infrastructure-as-code"
            }
          },
          "private": "eyJzY2hlbWFfdmVyc2lvbiI6IjEifQ=="
        }
      ]
    }
  ]
}
